// !$*UTF8*$!
{
	archiveVersion = 1;
	classes = {
	};
	objectVersion = 46;
	objects = {

/* Begin PBXBuildFile section */
		6EE89D551EB8DC8C00943F3C /* AppDelegate.swift in Sources */ = {isa = PBXBuildFile; fileRef = 6EE89D541EB8DC8C00943F3C /* AppDelegate.swift */; };
		6EE89D571EB8DC8C00943F3C /* ViewController.swift in Sources */ = {isa = PBXBuildFile; fileRef = 6EE89D561EB8DC8C00943F3C /* ViewController.swift */; };
		6EE89D5A1EB8DC8C00943F3C /* Main.storyboard in Resources */ = {isa = PBXBuildFile; fileRef = 6EE89D581EB8DC8C00943F3C /* Main.storyboard */; };
		6EE89D5C1EB8DC8C00943F3C /* Assets.xcassets in Resources */ = {isa = PBXBuildFile; fileRef = 6EE89D5B1EB8DC8C00943F3C /* Assets.xcassets */; };
		6EE89D5F1EB8DC8C00943F3C /* LaunchScreen.storyboard in Resources */ = {isa = PBXBuildFile; fileRef = 6EE89D5D1EB8DC8C00943F3C /* LaunchScreen.storyboard */; };
		6EE89D671EB8DCBC00943F3C /* BSHighlightableTextView.swift in Sources */ = {isa = PBXBuildFile; fileRef = 6EE89D661EB8DCBC00943F3C /* BSHighlightableTextView.swift */; };
/* End PBXBuildFile section */

/* Begin PBXFileReference section */
		6EE89D511EB8DC8C00943F3C /* BSHighlight.app */ = {isa = PBXFileReference; explicitFileType = wrapper.application; includeInIndex = 0; path = BSHighlight.app; sourceTree = BUILT_PRODUCTS_DIR; };
		6EE89D541EB8DC8C00943F3C /* AppDelegate.swift */ = {isa = PBXFileReference; lastKnownFileType = sourcecode.swift; path = AppDelegate.swift; sourceTree = "<group>"; };
		6EE89D561EB8DC8C00943F3C /* ViewController.swift */ = {isa = PBXFileReference; lastKnownFileType = sourcecode.swift; path = ViewController.swift; sourceTree = "<group>"; };
		6EE89D591EB8DC8C00943F3C /* Base */ = {isa = PBXFileReference; lastKnownFileType = file.storyboard; name = Base; path = Base.lproj/Main.storyboard; sourceTree = "<group>"; };
		6EE89D5B1EB8DC8C00943F3C /* Assets.xcassets */ = {isa = PBXFileReference; lastKnownFileType = folder.assetcatalog; path = Assets.xcassets; sourceTree = "<group>"; };
		6EE89D5E1EB8DC8C00943F3C /* Base */ = {isa = PBXFileReference; lastKnownFileType = file.storyboard; name = Base; path = Base.lproj/LaunchScreen.storyboard; sourceTree = "<group>"; };
		6EE89D601EB8DC8C00943F3C /* Info.plist */ = {isa = PBXFileReference; lastKnownFileType = text.plist.xml; path = Info.plist; sourceTree = "<group>"; };
		6EE89D661EB8DCBC00943F3C /* BSHighlightableTextView.swift */ = {isa = PBXFileReference; fileEncoding = 4; lastKnownFileType = sourcecode.swift; path = BSHighlightableTextView.swift; sourceTree = "<group>"; };
/* End PBXFileReference section */

/* Begin PBXFrameworksBuildPhase section */
		6EE89D4E1EB8DC8C00943F3C /* Frameworks */ = {
			isa = PBXFrameworksBuildPhase;
			buildActionMask = 2147483647;
			files = (
			);
			runOnlyForDeploymentPostprocessing = 0;
		};
/* End PBXFrameworksBuildPhase section */

/* Begin PBXGroup section */
		6EE89D481EB8DC8C00943F3C = {
			isa = PBXGroup;
			children = (
				6EE89D531EB8DC8C00943F3C /* BSHighlight */,
				6EE89D521EB8DC8C00943F3C /* Products */,
			);
			sourceTree = "<group>";
		};
		6EE89D521EB8DC8C00943F3C /* Products */ = {
			isa = PBXGroup;
			children = (
				6EE89D511EB8DC8C00943F3C /* BSHighlight.app */,
			);
			name = Products;
			sourceTree = "<group>";
		};
		6EE89D531EB8DC8C00943F3C /* BSHighlight */ = {
			isa = PBXGroup;
			children = (
				6EE89D541EB8DC8C00943F3C /* AppDelegate.swift */,
				6EE89D561EB8DC8C00943F3C /* ViewController.swift */,
				6EE89D581EB8DC8C00943F3C /* Main.storyboard */,
				6EE89D5B1EB8DC8C00943F3C /* Assets.xcassets */,
				6EE89D5D1EB8DC8C00943F3C /* LaunchScreen.storyboard */,
				6EE89D601EB8DC8C00943F3C /* Info.plist */,
				6EE89D661EB8DCBC00943F3C /* BSHighlightableTextView.swift */,
			);
			path = BSHighlight;
			sourceTree = "<group>";
		};
/* End PBXGroup section */

/* Begin PBXNativeTarget section */
		6EE89D501EB8DC8C00943F3C /* BSHighlight */ = {
			isa = PBXNativeTarget;
			buildConfigurationList = 6EE89D631EB8DC8C00943F3C /* Build configuration list for PBXNativeTarget "BSHighlight" */;
			buildPhases = (
				6EE89D4D1EB8DC8C00943F3C /* Sources */,
				6EE89D4E1EB8DC8C00943F3C /* Frameworks */,
				6EE89D4F1EB8DC8C00943F3C /* Resources */,
			);
			buildRules = (
			);
			dependencies = (
			);
			name = BSHighlight;
			productName = BSHighlight;
			productReference = 6EE89D511EB8DC8C00943F3C /* BSHighlight.app */;
			productType = "com.apple.product-type.application";
		};
/* End PBXNativeTarget section */

/* Begin PBXProject section */
		6EE89D491EB8DC8C00943F3C /* Project object */ = {
			isa = PBXProject;
			attributes = {
				LastSwiftUpdateCheck = 0830;
				LastUpgradeCheck = 0830;
				ORGANIZATIONNAME = brosoft;
				TargetAttributes = {
					6EE89D501EB8DC8C00943F3C = {
						CreatedOnToolsVersion = 8.3.2;
						ProvisioningStyle = Automatic;
					};
				};
			};
			buildConfigurationList = 6EE89D4C1EB8DC8C00943F3C /* Build configuration list for PBXProject "BSHighlight" */;
			compatibilityVersion = "Xcode 3.2";
			developmentRegion = English;
			hasScannedForEncodings = 0;
			knownRegions = (
				en,
				Base,
			);
			mainGroup = 6EE89D481EB8DC8C00943F3C;
			productRefGroup = 6EE89D521EB8DC8C00943F3C /* Products */;
			projectDirPath = "";
			projectRoot = "";
			targets = (
				6EE89D501EB8DC8C00943F3C /* BSHighlight */,
			);
		};
/* End PBXProject section */

/* Begin PBXResourcesBuildPhase section */
		6EE89D4F1EB8DC8C00943F3C /* Resources */ = {
			isa = PBXResourcesBuildPhase;
			buildActionMask = 2147483647;
			files = (
				6EE89D5F1EB8DC8C00943F3C /* LaunchScreen.storyboard in Resources */,
				6EE89D5C1EB8DC8C00943F3C /* Assets.xcassets in Resources */,
				6EE89D5A1EB8DC8C00943F3C /* Main.storyboard in Resources */,
			);
			runOnlyForDeploymentPostprocessing = 0;
		};
/* End PBXResourcesBuildPhase section */

/* Begin PBXSourcesBuildPhase section */
		6EE89D4D1EB8DC8C00943F3C /* Sources */ = {
			isa = PBXSourcesBuildPhase;
			buildActionMask = 2147483647;
			files = (
				6EE89D671EB8DCBC00943F3C /* BSHighlightableTextView.swift in Sources */,
				6EE89D571EB8DC8C00943F3C /* ViewController.swift in Sources */,
				6EE89D551EB8DC8C00943F3C /* AppDelegate.swift in Sources */,
			);
			runOnlyForDeploymentPostprocessing = 0;
		};
/* End PBXSourcesBuildPhase section */

/* Begin PBXVariantGroup section */
		6EE89D581EB8DC8C00943F3C /* Main.storyboard */ = {
			isa = PBXVariantGroup;
			children = (
				6EE89D591EB8DC8C00943F3C /* Base */,
			);
			name = Main.storyboard;
			sourceTree = "<group>";
		};
		6EE89D5D1EB8DC8C00943F3C /* LaunchScreen.storyboard */ = {
			isa = PBXVariantGroup;
			children = (
				6EE89D5E1EB8DC8C00943F3C /* Base */,
			);
			name = LaunchScreen.storyboard;
			sourceTree = "<group>";
		};
/* End PBXVariantGroup section */

/* Begin XCBuildConfiguration section */
		6EE89D611EB8DC8C00943F3C /* Debug */ = {
			isa = XCBuildConfiguration;
			buildSettings = {
				ALWAYS_SEARCH_USER_PATHS = NO;
				CLANG_ANALYZER_NONNULL = YES;
				CLANG_ANALYZER_NUMBER_OBJECT_CONVERSION = YES_AGGRESSIVE;
				CLANG_CXX_LANGUAGE_STANDARD = "gnu++0x";
				CLANG_CXX_LIBRARY = "libc++";
				CLANG_ENABLE_MODULES = YES;
				CLANG_ENABLE_OBJC_ARC = YES;
				CLANG_WARN_BOOL_CONVERSION = YES;
				CLANG_WARN_CONSTANT_CONVERSION = YES;
				CLANG_WARN_DIRECT_OBJC_ISA_USAGE = YES_ERROR;
				CLANG_WARN_DOCUMENTATION_COMMENTS = YES;
				CLANG_WARN_EMPTY_BODY = YES;
				CLANG_WARN_ENUM_CONVERSION = YES;
				CLANG_WARN_INFINITE_RECURSION = YES;
				CLANG_WARN_INT_CONVERSION = YES;
				CLANG_WARN_OBJC_ROOT_CLASS = YES_ERROR;
				CLANG_WARN_SUSPICIOUS_MOVE = YES;
				CLANG_WARN_UNREACHABLE_CODE = YES;
				CLANG_WARN__DUPLICATE_METHOD_MATCH = YES;
				"CODE_SIGN_IDENTITY[sdk=iphoneos*]" = "iPhone Developer";
				COPY_PHASE_STRIP = NO;
				DEBUG_INFORMATION_FORMAT = dwarf;
				ENABLE_STRICT_OBJC_MSGSEND = YES;
				ENABLE_TESTABILITY = YES;
				GCC_C_LANGUAGE_STANDARD = gnu99;
				GCC_DYNAMIC_NO_PIC = NO;
				GCC_NO_COMMON_BLOCKS = YES;
				GCC_OPTIMIZATION_LEVEL = 0;
				GCC_PREPROCESSOR_DEFINITIONS = (
					"DEBUG=1",
					"$(inherited)",
				);
				GCC_WARN_64_TO_32_BIT_CONVERSION = YES;
				GCC_WARN_ABOUT_RETURN_TYPE = YES_ERROR;
				GCC_WARN_UNDECLARED_SELECTOR = YES;
				GCC_WARN_UNINITIALIZED_AUTOS = YES_AGGRESSIVE;
				GCC_WARN_UNUSED_FUNCTION = YES;
				GCC_WARN_UNUSED_VARIABLE = YES;
				IPHONEOS_DEPLOYMENT_TARGET = 10.3;
				MTL_ENABLE_DEBUG_INFO = YES;
				ONLY_ACTIVE_ARCH = YES;
				SDKROOT = iphoneos;
				SWIFT_ACTIVE_COMPILATION_CONDITIONS = DEBUG;
				SWIFT_OPTIMIZATION_LEVEL = "-Onone";
			};
			name = Debug;
		};
		6EE89D621EB8DC8C00943F3C /* Release */ = {
			isa = XCBuildConfiguration;
			buildSettings = {
				ALWAYS_SEARCH_USER_PATHS = NO;
				CLANG_ANALYZER_NONNULL = YES;
				CLANG_ANALYZER_NUMBER_OBJECT_CONVERSION = YES_AGGRESSIVE;
				CLANG_CXX_LANGUAGE_STANDARD = "gnu++0x";
				CLANG_CXX_LIBRARY = "libc++";
				CLANG_ENABLE_MODULES = YES;
				CLANG_ENABLE_OBJC_ARC = YES;
				CLANG_WARN_BOOL_CONVERSION = YES;
				CLANG_WARN_CONSTANT_CONVERSION = YES;
				CLANG_WARN_DIRECT_OBJC_ISA_USAGE = YES_ERROR;
				CLANG_WARN_DOCUMENTATION_COMMENTS = YES;
				CLANG_WARN_EMPTY_BODY = YES;
				CLANG_WARN_ENUM_CONVERSION = YES;
				CLANG_WARN_INFINITE_RECURSION = YES;
				CLANG_WARN_INT_CONVERSION = YES;
				CLANG_WARN_OBJC_ROOT_CLASS = YES_ERROR;
				CLANG_WARN_SUSPICIOUS_MOVE = YES;
				CLANG_WARN_UNREACHABLE_CODE = YES;
				CLANG_WARN__DUPLICATE_METHOD_MATCH = YES;
				"CODE_SIGN_IDENTITY[sdk=iphoneos*]" = "iPhone Developer";
				COPY_PHASE_STRIP = NO;
				DEBUG_INFORMATION_FORMAT = "dwarf-with-dsym";
				ENABLE_NS_ASSERTIONS = NO;
				ENABLE_STRICT_OBJC_MSGSEND = YES;
				GCC_C_LANGUAGE_STANDARD = gnu99;
				GCC_NO_COMMON_BLOCKS = YES;
				GCC_WARN_64_TO_32_BIT_CONVERSION = YES;
				GCC_WARN_ABOUT_RETURN_TYPE = YES_ERROR;
				GCC_WARN_UNDECLARED_SELECTOR = YES;
				GCC_WARN_UNINITIALIZED_AUTOS = YES_AGGRESSIVE;
				GCC_WARN_UNUSED_FUNCTION = YES;
				GCC_WARN_UNUSED_VARIABLE = YES;
				IPHONEOS_DEPLOYMENT_TARGET = 10.3;
				MTL_ENABLE_DEBUG_INFO = NO;
				SDKROOT = iphoneos;
				SWIFT_OPTIMIZATION_LEVEL = "-Owholemodule";
				VALIDATE_PRODUCT = YES;
			};
			name = Release;
		};
		6EE89D641EB8DC8C00943F3C /* Debug */ = {
			isa = XCBuildConfiguration;
			buildSettings = {
				ASSETCATALOG_COMPILER_APPICON_NAME = AppIcon;
				INFOPLIST_FILE = BSHighlight/Info.plist;
				LD_RUNPATH_SEARCH_PATHS = "$(inherited) @executable_path/Frameworks";
				PRODUCT_BUNDLE_IDENTIFIER = com.brosoft.BSHighlight;
				PRODUCT_NAME = "$(TARGET_NAME)";
				SWIFT_VERSION = 3.0;
			};
			name = Debug;
		};
		6EE89D651EB8DC8C00943F3C /* Release */ = {
			isa = XCBuildConfiguration;
			buildSettings = {
				ASSETCATALOG_COMPILER_APPICON_NAME = AppIcon;
				INFOPLIST_FILE = BSHighlight/Info.plist;
				LD_RUNPATH_SEARCH_PATHS = "$(inherited) @executable_path/Frameworks";
				PRODUCT_BUNDLE_IDENTIFIER = com.brosoft.BSHighlight;
				PRODUCT_NAME = "$(TARGET_NAME)";
				SWIFT_VERSION = 3.0;
			};
			name = Release;
		};
/* End XCBuildConfiguration section */

/* Begin XCConfigurationList section */
		6EE89D4C1EB8DC8C00943F3C /* Build configuration list for PBXProject "BSHighlight" */ = {
			isa = XCConfigurationList;
			buildConfigurations = (
				6EE89D611EB8DC8C00943F3C /* Debug */,
				6EE89D621EB8DC8C00943F3C /* Release */,
			);
			defaultConfigurationIsVisible = 0;
			defaultConfigurationName = Release;
		};
		6EE89D631EB8DC8C00943F3C /* Build configuration list for PBXNativeTarget "BSHighlight" */ = {
			isa = XCConfigurationList;
			buildConfigurations = (
				6EE89D641EB8DC8C00943F3C /* Debug */,
				6EE89D651EB8DC8C00943F3C /* Release */,
			);
			defaultConfigurationIsVisible = 0;
		};
/* End XCConfigurationList section */
	};
	rootObject = 6EE89D491EB8DC8C00943F3C /* Project object */;
}
